
Microsoft Visual Studio Solution File, Format Version 12.00
# Visual Studio Version 16
VisualStudioVersion = 16.0.31702.278
MinimumVisualStudioVersion = 10.0.40219.1
Project("{9A19103F-16F7-4668-BE54-9A1E7A4F7556}") = "API", "API\API.csproj", "{5D7A9244-556C-4FB0-90AB-407AC87A0830}"
EndProject
Project("{9A19103F-16F7-4668-BE54-9A1E7A4F7556}") = "BE", "BE\BE.csproj", "{E8AC9A07-858F-41EB-9C17-FA33B6D61938}"
EndProject
Project("{9A19103F-16F7-4668-BE54-9A1E7A4F7556}") = "DAL", "DAL\DAL.csproj", "{2ED38CB3-B40B-4AE0-81B7-673CDA62F1D6}"
EndProject
Project("{9A19103F-16F7-4668-BE54-9A1E7A4F7556}") = "DAL.EF", "DAL.EF\DAL.EF.csproj", "{0E76ED59-07B7-4636-A91C-78FBA0CA7DE0}"
EndProject
Project("{9A19103F-16F7-4668-BE54-9A1E7A4F7556}") = "DAL.DO", "DAL.DO\DAL.DO.csproj", "{D354BA02-F6D9-40EF-A90D-BFB2C6F024D2}"
EndProject
Project("{9A19103F-16F7-4668-BE54-9A1E7A4F7556}") = "DAL.Repository", "DAL.Repository\DAL.Repository.csproj", "{52A3F15C-9B6B-4E3D-BCC0-CD9575E8ED65}"
EndProject
Project("{9A19103F-16F7-4668-BE54-9A1E7A4F7556}") = "APIW", "APIW\APIW.csproj", "{3762F9FB-D2A0-4B38-B6FA-A4D894259562}"
EndProject
Global
	GlobalSection(SolutionConfigurationPlatforms) = preSolution
		Debug|Any CPU = Debug|Any CPU
		Release|Any CPU = Release|Any CPU
	EndGlobalSection
	GlobalSection(ProjectConfigurationPlatforms) = postSolution
		{5D7A9244-556C-4FB0-90AB-407AC87A0830}.Debug|Any CPU.ActiveCfg = Debug|Any CPU
		{5D7A9244-556C-4FB0-90AB-407AC87A0830}.Debug|Any CPU.Build.0 = Debug|Any CPU
		{5D7A9244-556C-4FB0-90AB-407AC87A0830}.Release|Any CPU.ActiveCfg = Release|Any CPU
		{5D7A9244-556C-4FB0-90AB-407AC87A0830}.Release|Any CPU.Build.0 = Release|Any CPU
		{E8AC9A07-858F-41EB-9C17-FA33B6D61938}.Debug|Any CPU.ActiveCfg = Debug|Any CPU
		{E8AC9A07-858F-41EB-9C17-FA33B6D61938}.Debug|Any CPU.Build.0 = Debug|Any CPU
		{E8AC9A07-858F-41EB-9C17-FA33B6D61938}.Release|Any CPU.ActiveCfg = Release|Any CPU
		{E8AC9A07-858F-41EB-9C17-FA33B6D61938}.Release|Any CPU.Build.0 = Release|Any CPU
		{2ED38CB3-B40B-4AE0-81B7-673CDA62F1D6}.Debug|Any CPU.ActiveCfg = Debug|Any CPU
		{2ED38CB3-B40B-4AE0-81B7-673CDA62F1D6}.Debug|Any CPU.Build.0 = Debug|Any CPU
		{2ED38CB3-B40B-4AE0-81B7-673CDA62F1D6}.Release|Any CPU.ActiveCfg = Release|Any CPU
		{2ED38CB3-B40B-4AE0-81B7-673CDA62F1D6}.Release|Any CPU.Build.0 = Release|Any CPU
		{0E76ED59-07B7-4636-A91C-78FBA0CA7DE0}.Debug|Any CPU.ActiveCfg = Debug|Any CPU
		{0E76ED59-07B7-4636-A91C-78FBA0CA7DE0}.Debug|Any CPU.Build.0 = Debug|Any CPU
		{0E76ED59-07B7-4636-A91C-78FBA0CA7DE0}.Release|Any CPU.ActiveCfg = Release|Any CPU
		{0E76ED59-07B7-4636-A91C-78FBA0CA7DE0}.Release|Any CPU.Build.0 = Release|Any CPU
		{D354BA02-F6D9-40EF-A90D-BFB2C6F024D2}.Debug|Any CPU.ActiveCfg = Debug|Any CPU
		{D354BA02-F6D9-40EF-A90D-BFB2C6F024D2}.Debug|Any CPU.Build.0 = Debug|Any CPU
		{D354BA02-F6D9-40EF-A90D-BFB2C6F024D2}.Release|Any CPU.ActiveCfg = Release|Any CPU
		{D354BA02-F6D9-40EF-A90D-BFB2C6F024D2}.Release|Any CPU.Build.0 = Release|Any CPU
		{52A3F15C-9B6B-4E3D-BCC0-CD9575E8ED65}.Debug|Any CPU.ActiveCfg = Debug|Any CPU
		{52A3F15C-9B6B-4E3D-BCC0-CD9575E8ED65}.Debug|Any CPU.Build.0 = Debug|Any CPU
		{52A3F15C-9B6B-4E3D-BCC0-CD9575E8ED65}.Release|Any CPU.ActiveCfg = Release|Any CPU
		{52A3F15C-9B6B-4E3D-BCC0-CD9575E8ED65}.Release|Any CPU.Build.0 = Release|Any CPU
		{3762F9FB-D2A0-4B38-B6FA-A4D894259562}.Debug|Any CPU.ActiveCfg = Debug|Any CPU
		{3762F9FB-D2A0-4B38-B6FA-A4D894259562}.Debug|Any CPU.Build.0 = Debug|Any CPU
		{3762F9FB-D2A0-4B38-B6FA-A4D894259562}.Release|Any CPU.ActiveCfg = Release|Any CPU
		{3762F9FB-D2A0-4B38-B6FA-A4D894259562}.Release|Any CPU.Build.0 = Release|Any CPU
	EndGlobalSection
	GlobalSection(SolutionProperties) = preSolution
		HideSolutionNode = FALSE
	EndGlobalSection
	GlobalSection(ExtensibilityGlobals) = postSolution
		SolutionGuid = {4AA3495E-2B67-4957-ADE8-6B800AAF6E3A}
	EndGlobalSection
EndGlobal
